// !$*UTF8*$!
{
	archiveVersion = 1;
	classes = {
	};
	objectVersion = 50;
	objects = {

/* Begin PBXBuildFile section */
		B31D43842122DD5200284C0C /* Assets.xcassets in Resources */ = {isa = PBXBuildFile; fileRef = B31D43832122DD5200284C0C /* Assets.xcassets */; };
		B3928F4F21021A7B00525B64 /* AppDelegate.swift in Sources */ = {isa = PBXBuildFile; fileRef = B3928F4E21021A7B00525B64 /* AppDelegate.swift */; };
		B3928F5121021A7B00525B64 /* ViewController.swift in Sources */ = {isa = PBXBuildFile; fileRef = B3928F5021021A7B00525B64 /* ViewController.swift */; };
		B3928F5421021A7B00525B64 /* Main.storyboard in Resources */ = {isa = PBXBuildFile; fileRef = B3928F5221021A7B00525B64 /* Main.storyboard */; };
		B3928F5921021A7C00525B64 /* LaunchScreen.storyboard in Resources */ = {isa = PBXBuildFile; fileRef = B3928F5721021A7C00525B64 /* LaunchScreen.storyboard */; };
		B3928F6421021A7D00525B64 /* Count_daysTests.swift in Sources */ = {isa = PBXBuildFile; fileRef = B3928F6321021A7D00525B64 /* Count_daysTests.swift */; };
		B3928F6F21021A7D00525B64 /* Count_daysUITests.swift in Sources */ = {isa = PBXBuildFile; fileRef = B3928F6E21021A7D00525B64 /* Count_daysUITests.swift */; };
/* End PBXBuildFile section */

/* Begin PBXContainerItemProxy section */
		B3928F6021021A7D00525B64 /* PBXContainerItemProxy */ = {
			isa = PBXContainerItemProxy;
			containerPortal = B3928F4321021A7A00525B64 /* Project object */;
			proxyType = 1;
			remoteGlobalIDString = B3928F4A21021A7A00525B64;
			remoteInfo = "Count days";
		};
		B3928F6B21021A7D00525B64 /* PBXContainerItemProxy */ = {
			isa = PBXContainerItemProxy;
			containerPortal = B3928F4321021A7A00525B64 /* Project object */;
			proxyType = 1;
			remoteGlobalIDString = B3928F4A21021A7A00525B64;
			remoteInfo = "Count days";
		};
/* End PBXContainerItemProxy section */

/* Begin PBXFileReference section */
		B31D43832122DD5200284C0C /* Assets.xcassets */ = {isa = PBXFileReference; lastKnownFileType = folder.assetcatalog; path = Assets.xcassets; sourceTree = "<group>"; };
		B3928F4B21021A7A00525B64 /* Count days.app */ = {isa = PBXFileReference; explicitFileType = wrapper.application; includeInIndex = 0; path = "Count days.app"; sourceTree = BUILT_PRODUCTS_DIR; };
		B3928F4E21021A7B00525B64 /* AppDelegate.swift */ = {isa = PBXFileReference; lastKnownFileType = sourcecode.swift; path = AppDelegate.swift; sourceTree = "<group>"; };
		B3928F5021021A7B00525B64 /* ViewController.swift */ = {isa = PBXFileReference; lastKnownFileType = sourcecode.swift; path = ViewController.swift; sourceTree = "<group>"; };
		B3928F5321021A7B00525B64 /* Base */ = {isa = PBXFileReference; lastKnownFileType = file.storyboard; name = Base; path = Base.lproj/Main.storyboard; sourceTree = "<group>"; };
		B3928F5821021A7C00525B64 /* Base */ = {isa = PBXFileReference; lastKnownFileType = file.storyboard; name = Base; path = Base.lproj/LaunchScreen.storyboard; sourceTree = "<group>"; };
		B3928F5A21021A7C00525B64 /* Info.plist */ = {isa = PBXFileReference; lastKnownFileType = text.plist.xml; path = Info.plist; sourceTree = "<group>"; };
		B3928F5F21021A7D00525B64 /* Count daysTests.xctest */ = {isa = PBXFileReference; explicitFileType = wrapper.cfbundle; includeInIndex = 0; path = "Count daysTests.xctest"; sourceTree = BUILT_PRODUCTS_DIR; };
		B3928F6321021A7D00525B64 /* Count_daysTests.swift */ = {isa = PBXFileReference; lastKnownFileType = sourcecode.swift; path = Count_daysTests.swift; sourceTree = "<group>"; };
		B3928F6521021A7D00525B64 /* Info.plist */ = {isa = PBXFileReference; lastKnownFileType = text.plist.xml; path = Info.plist; sourceTree = "<group>"; };
		B3928F6A21021A7D00525B64 /* Count daysUITests.xctest */ = {isa = PBXFileReference; explicitFileType = wrapper.cfbundle; includeInIndex = 0; path = "Count daysUITests.xctest"; sourceTree = BUILT_PRODUCTS_DIR; };
		B3928F6E21021A7D00525B64 /* Count_daysUITests.swift */ = {isa = PBXFileReference; lastKnownFileType = sourcecode.swift; path = Count_daysUITests.swift; sourceTree = "<group>"; };
		B3928F7021021A7D00525B64 /* Info.plist */ = {isa = PBXFileReference; lastKnownFileType = text.plist.xml; path = Info.plist; sourceTree = "<group>"; };
/* End PBXFileReference section */

/* Begin PBXFrameworksBuildPhase section */
		B3928F4821021A7A00525B64 /* Frameworks */ = {
			isa = PBXFrameworksBuildPhase;
			buildActionMask = 2147483647;
			files = (
			);
			runOnlyForDeploymentPostprocessing = 0;
		};
		B3928F5C21021A7D00525B64 /* Frameworks */ = {
			isa = PBXFrameworksBuildPhase;
			buildActionMask = 2147483647;
			files = (
			);
			runOnlyForDeploymentPostprocessing = 0;
		};
		B3928F6721021A7D00525B64 /* Frameworks */ = {
			isa = PBXFrameworksBuildPhase;
			buildActionMask = 2147483647;
			files = (
			);
			runOnlyForDeploymentPostprocessing = 0;
		};
/* End PBXFrameworksBuildPhase section */

/* Begin PBXGroup section */
		B3928F4221021A7A00525B64 = {
			isa = PBXGroup;
			children = (
				B3928F4D21021A7A00525B64 /* Count days */,
				B3928F6221021A7D00525B64 /* Count daysTests */,
				B3928F6D21021A7D00525B64 /* Count daysUITests */,
				B3928F4C21021A7A00525B64 /* Products */,
			);
			sourceTree = "<group>";
		};
		B3928F4C21021A7A00525B64 /* Products */ = {
			isa = PBXGroup;
			children = (
				B3928F4B21021A7A00525B64 /* Count days.app */,
				B3928F5F21021A7D00525B64 /* Count daysTests.xctest */,
				B3928F6A21021A7D00525B64 /* Count daysUITests.xctest */,
			);
			name = Products;
			sourceTree = "<group>";
		};
		B3928F4D21021A7A00525B64 /* Count days */ = {
			isa = PBXGroup;
			children = (
				B3928F4E21021A7B00525B64 /* AppDelegate.swift */,
				B3928F5021021A7B00525B64 /* ViewController.swift */,
				B3928F5221021A7B00525B64 /* Main.storyboard */,
				B31D43832122DD5200284C0C /* Assets.xcassets */,
				B3928F5721021A7C00525B64 /* LaunchScreen.storyboard */,
				B3928F5A21021A7C00525B64 /* Info.plist */,
			);
			path = "Count days";
			sourceTree = "<group>";
		};
		B3928F6221021A7D00525B64 /* Count daysTests */ = {
			isa = PBXGroup;
			children = (
				B3928F6321021A7D00525B64 /* Count_daysTests.swift */,
				B3928F6521021A7D00525B64 /* Info.plist */,
			);
			path = "Count daysTests";
			sourceTree = "<group>";
		};
		B3928F6D21021A7D00525B64 /* Count daysUITests */ = {
			isa = PBXGroup;
			children = (
				B3928F6E21021A7D00525B64 /* Count_daysUITests.swift */,
				B3928F7021021A7D00525B64 /* Info.plist */,
			);
			path = "Count daysUITests";
			sourceTree = "<group>";
		};
/* End PBXGroup section */

/* Begin PBXNativeTarget section */
		B3928F4A21021A7A00525B64 /* Count days */ = {
			isa = PBXNativeTarget;
			buildConfigurationList = B3928F7321021A7D00525B64 /* Build configuration list for PBXNativeTarget "Count days" */;
			buildPhases = (
				B3928F4721021A7A00525B64 /* Sources */,
				B3928F4821021A7A00525B64 /* Frameworks */,
				B3928F4921021A7A00525B64 /* Resources */,
			);
			buildRules = (
			);
			dependencies = (
			);
			name = "Count days";
			productName = "Count days";
			productReference = B3928F4B21021A7A00525B64 /* Count days.app */;
			productType = "com.apple.product-type.application";
		};
		B3928F5E21021A7D00525B64 /* Count daysTests */ = {
			isa = PBXNativeTarget;
			buildConfigurationList = B3928F7621021A7D00525B64 /* Build configuration list for PBXNativeTarget "Count daysTests" */;
			buildPhases = (
				B3928F5B21021A7D00525B64 /* Sources */,
				B3928F5C21021A7D00525B64 /* Frameworks */,
				B3928F5D21021A7D00525B64 /* Resources */,
			);
			buildRules = (
			);
			dependencies = (
				B3928F6121021A7D00525B64 /* PBXTargetDependency */,
			);
			name = "Count daysTests";
			productName = "Count daysTests";
			productReference = B3928F5F21021A7D00525B64 /* Count daysTests.xctest */;
			productType = "com.apple.product-type.bundle.unit-test";
		};
		B3928F6921021A7D00525B64 /* Count daysUITests */ = {
			isa = PBXNativeTarget;
			buildConfigurationList = B3928F7921021A7D00525B64 /* Build configuration list for PBXNativeTarget "Count daysUITests" */;
			buildPhases = (
				B3928F6621021A7D00525B64 /* Sources */,
				B3928F6721021A7D00525B64 /* Frameworks */,
				B3928F6821021A7D00525B64 /* Resources */,
			);
			buildRules = (
			);
			dependencies = (
				B3928F6C21021A7D00525B64 /* PBXTargetDependency */,
			);
			name = "Count daysUITests";
			productName = "Count daysUITests";
			productReference = B3928F6A21021A7D00525B64 /* Count daysUITests.xctest */;
			productType = "com.apple.product-type.bundle.ui-testing";
		};
/* End PBXNativeTarget section */

/* Begin PBXProject section */
		B3928F4321021A7A00525B64 /* Project object */ = {
			isa = PBXProject;
			attributes = {
				LastSwiftUpdateCheck = 0940;
				LastUpgradeCheck = 0940;
				ORGANIZATIONNAME = "Tomohiro Hattori";
				TargetAttributes = {
					B3928F4A21021A7A00525B64 = {
						CreatedOnToolsVersion = 9.4.1;
					};
					B3928F5E21021A7D00525B64 = {
						CreatedOnToolsVersion = 9.4.1;
						TestTargetID = B3928F4A21021A7A00525B64;
					};
					B3928F6921021A7D00525B64 = {
						CreatedOnToolsVersion = 9.4.1;
						TestTargetID = B3928F4A21021A7A00525B64;
					};
				};
			};
			buildConfigurationList = B3928F4621021A7A00525B64 /* Build configuration list for PBXProject "Count days" */;
			compatibilityVersion = "Xcode 9.3";
			developmentRegion = en;
			hasScannedForEncodings = 0;
			knownRegions = (
				en,
				Base,
			);
			mainGroup = B3928F4221021A7A00525B64;
			productRefGroup = B3928F4C21021A7A00525B64 /* Products */;
			projectDirPath = "";
			projectRoot = "";
			targets = (
				B3928F4A21021A7A00525B64 /* Count days */,
				B3928F5E21021A7D00525B64 /* Count daysTests */,
				B3928F6921021A7D00525B64 /* Count daysUITests */,
			);
		};
/* End PBXProject section */

/* Begin PBXResourcesBuildPhase section */
		B3928F4921021A7A00525B64 /* Resources */ = {
			isa = PBXResourcesBuildPhase;
			buildActionMask = 2147483647;
			files = (
				B3928F5921021A7C00525B64 /* LaunchScreen.storyboard in Resources */,
				B31D43842122DD5200284C0C /* Assets.xcassets in Resources */,
				B3928F5421021A7B00525B64 /* Main.storyboard in Resources */,
			);
			runOnlyForDeploymentPostprocessing = 0;
		};
		B3928F5D21021A7D00525B64 /* Resources */ = {
			isa = PBXResourcesBuildPhase;
			buildActionMask = 2147483647;
			files = (
			);
			runOnlyForDeploymentPostprocessing = 0;
		};
		B3928F6821021A7D00525B64 /* Resources */ = {
			isa = PBXResourcesBuildPhase;
			buildActionMask = 2147483647;
			files = (
			);
			runOnlyForDeploymentPostprocessing = 0;
		};
/* End PBXResourcesBuildPhase section */

/* Begin PBXSourcesBuildPhase section */
		B3928F4721021A7A00525B64 /* Sources */ = {
			isa = PBXSourcesBuildPhase;
			buildActionMask = 2147483647;
			files = (
				B3928F5121021A7B00525B64 /* ViewController.swift in Sources */,
				B3928F4F21021A7B00525B64 /* AppDelegate.swift in Sources */,
			);
			runOnlyForDeploymentPostprocessing = 0;
		};
		B3928F5B21021A7D00525B64 /* Sources */ = {
			isa = PBXSourcesBuildPhase;
			buildActionMask = 2147483647;
			files = (
				B3928F6421021A7D00525B64 /* Count_daysTests.swift in Sources */,
			);
			runOnlyForDeploymentPostprocessing = 0;
		};
		B3928F6621021A7D00525B64 /* Sources */ = {
			isa = PBXSourcesBuildPhase;
			buildActionMask = 2147483647;
			files = (
				B3928F6F21021A7D00525B64 /* Count_daysUITests.swift in Sources */,
			);
			runOnlyForDeploymentPostprocessing = 0;
		};
/* End PBXSourcesBuildPhase section */

/* Begin PBXTargetDependency section */
		B3928F6121021A7D00525B64 /* PBXTargetDependency */ = {
			isa = PBXTargetDependency;
			target = B3928F4A21021A7A00525B64 /* Count days */;
			targetProxy = B3928F6021021A7D00525B64 /* PBXContainerItemProxy */;
		};
		B3928F6C21021A7D00525B64 /* PBXTargetDependency */ = {
			isa = PBXTargetDependency;
			target = B3928F4A21021A7A00525B64 /* Count days */;
			targetProxy = B3928F6B21021A7D00525B64 /* PBXContainerItemProxy */;
		};
/* End PBXTargetDependency section */

/* Begin PBXVariantGroup section */
		B3928F5221021A7B00525B64 /* Main.storyboard */ = {
			isa = PBXVariantGroup;
			children = (
				B3928F5321021A7B00525B64 /* Base */,
			);
			name = Main.storyboard;
			sourceTree = "<group>";
		};
		B3928F5721021A7C00525B64 /* LaunchScreen.storyboard */ = {
			isa = PBXVariantGroup;
			children = (
				B3928F5821021A7C00525B64 /* Base */,
			);
			name = LaunchScreen.storyboard;
			sourceTree = "<group>";
		};
/* End PBXVariantGroup section */

/* Begin XCBuildConfiguration section */
		B3928F7121021A7D00525B64 /* Debug */ = {
			isa = XCBuildConfiguration;
			buildSettings = {
				ALWAYS_SEARCH_USER_PATHS = NO;
				CLANG_ANALYZER_NONNULL = YES;
				CLANG_ANALYZER_NUMBER_OBJECT_CONVERSION = YES_AGGRESSIVE;
				CLANG_CXX_LANGUAGE_STANDARD = "gnu++14";
				CLANG_CXX_LIBRARY = "libc++";
				CLANG_ENABLE_MODULES = YES;
				CLANG_ENABLE_OBJC_ARC = YES;
				CLANG_ENABLE_OBJC_WEAK = YES;
				CLANG_WARN_BLOCK_CAPTURE_AUTORELEASING = YES;
				CLANG_WARN_BOOL_CONVERSION = YES;
				CLANG_WARN_COMMA = YES;
				CLANG_WARN_CONSTANT_CONVERSION = YES;
				CLANG_WARN_DEPRECATED_OBJC_IMPLEMENTATIONS = YES;
				CLANG_WARN_DIRECT_OBJC_ISA_USAGE = YES_ERROR;
				CLANG_WARN_DOCUMENTATION_COMMENTS = YES;
				CLANG_WARN_EMPTY_BODY = YES;
				CLANG_WARN_ENUM_CONVERSION = YES;
				CLANG_WARN_INFINITE_RECURSION = YES;
				CLANG_WARN_INT_CONVERSION = YES;
				CLANG_WARN_NON_LITERAL_NULL_CONVERSION = YES;
				CLANG_WARN_OBJC_IMPLICIT_RETAIN_SELF = YES;
				CLANG_WARN_OBJC_LITERAL_CONVERSION = YES;
				CLANG_WARN_OBJC_ROOT_CLASS = YES_ERROR;
				CLANG_WARN_RANGE_LOOP_ANALYSIS = YES;
				CLANG_WARN_STRICT_PROTOTYPES = YES;
				CLANG_WARN_SUSPICIOUS_MOVE = YES;
				CLANG_WARN_UNGUARDED_AVAILABILITY = YES_AGGRESSIVE;
				CLANG_WARN_UNREACHABLE_CODE = YES;
				CLANG_WARN__DUPLICATE_METHOD_MATCH = YES;
				CODE_SIGN_IDENTITY = "iPhone Developer";
				COPY_PHASE_STRIP = NO;
				DEBUG_INFORMATION_FORMAT = dwarf;
				ENABLE_STRICT_OBJC_MSGSEND = YES;
				ENABLE_TESTABILITY = YES;
				GCC_C_LANGUAGE_STANDARD = gnu11;
				GCC_DYNAMIC_NO_PIC = NO;
				GCC_NO_COMMON_BLOCKS = YES;
				GCC_OPTIMIZATION_LEVEL = 0;
				GCC_PREPROCESSOR_DEFINITIONS = (
					"DEBUG=1",
					"$(inherited)",
				);
				GCC_WARN_64_TO_32_BIT_CONVERSION = YES;
				GCC_WARN_ABOUT_RETURN_TYPE = YES_ERROR;
				GCC_WARN_UNDECLARED_SELECTOR = YES;
				GCC_WARN_UNINITIALIZED_AUTOS = YES_AGGRESSIVE;
				GCC_WARN_UNUSED_FUNCTION = YES;
				GCC_WARN_UNUSED_VARIABLE = YES;
				IPHONEOS_DEPLOYMENT_TARGET = 11.4;
				MTL_ENABLE_DEBUG_INFO = YES;
				ONLY_ACTIVE_ARCH = YES;
				SDKROOT = iphoneos;
				SWIFT_ACTIVE_COMPILATION_CONDITIONS = DEBUG;
				SWIFT_OPTIMIZATION_LEVEL = "-Onone";
			};
			name = Debug;
		};
		B3928F7221021A7D00525B64 /* Release */ = {
			isa = XCBuildConfiguration;
			buildSettings = {
				ALWAYS_SEARCH_USER_PATHS = NO;
				CLANG_ANALYZER_NONNULL = YES;
				CLANG_ANALYZER_NUMBER_OBJECT_CONVERSION = YES_AGGRESSIVE;
				CLANG_CXX_LANGUAGE_STANDARD = "gnu++14";
				CLANG_CXX_LIBRARY = "libc++";
				CLANG_ENABLE_MODULES = YES;
				CLANG_ENABLE_OBJC_ARC = YES;
				CLANG_ENABLE_OBJC_WEAK = YES;
				CLANG_WARN_BLOCK_CAPTURE_AUTORELEASING = YES;
				CLANG_WARN_BOOL_CONVERSION = YES;
				CLANG_WARN_COMMA = YES;
				CLANG_WARN_CONSTANT_CONVERSION = YES;
				CLANG_WARN_DEPRECATED_OBJC_IMPLEMENTATIONS = YES;
				CLANG_WARN_DIRECT_OBJC_ISA_USAGE = YES_ERROR;
				CLANG_WARN_DOCUMENTATION_COMMENTS = YES;
				CLANG_WARN_EMPTY_BODY = YES;
				CLANG_WARN_ENUM_CONVERSION = YES;
				CLANG_WARN_INFINITE_RECURSION = YES;
				CLANG_WARN_INT_CONVERSION = YES;
				CLANG_WARN_NON_LITERAL_NULL_CONVERSION = YES;
				CLANG_WARN_OBJC_IMPLICIT_RETAIN_SELF = YES;
				CLANG_WARN_OBJC_LITERAL_CONVERSION = YES;
				CLANG_WARN_OBJC_ROOT_CLASS = YES_ERROR;
				CLANG_WARN_RANGE_LOOP_ANALYSIS = YES;
				CLANG_WARN_STRICT_PROTOTYPES = YES;
				CLANG_WARN_SUSPICIOUS_MOVE = YES;
				CLANG_WARN_UNGUARDED_AVAILABILITY = YES_AGGRESSIVE;
				CLANG_WARN_UNREACHABLE_CODE = YES;
				CLANG_WARN__DUPLICATE_METHOD_MATCH = YES;
				CODE_SIGN_IDENTITY = "iPhone Developer";
				COPY_PHASE_STRIP = NO;
				DEBUG_INFORMATION_FORMAT = "dwarf-with-dsym";
				ENABLE_NS_ASSERTIONS = NO;
				ENABLE_STRICT_OBJC_MSGSEND = YES;
				GCC_C_LANGUAGE_STANDARD = gnu11;
				GCC_NO_COMMON_BLOCKS = YES;
				GCC_WARN_64_TO_32_BIT_CONVERSION = YES;
				GCC_WARN_ABOUT_RETURN_TYPE = YES_ERROR;
				GCC_WARN_UNDECLARED_SELECTOR = YES;
				GCC_WARN_UNINITIALIZED_AUTOS = YES_AGGRESSIVE;
				GCC_WARN_UNUSED_FUNCTION = YES;
				GCC_WARN_UNUSED_VARIABLE = YES;
				IPHONEOS_DEPLOYMENT_TARGET = 11.4;
				MTL_ENABLE_DEBUG_INFO = NO;
				SDKROOT = iphoneos;
				SWIFT_COMPILATION_MODE = wholemodule;
				SWIFT_OPTIMIZATION_LEVEL = "-O";
				VALIDATE_PRODUCT = YES;
			};
			name = Release;
		};
		B3928F7421021A7D00525B64 /* Debug */ = {
			isa = XCBuildConfiguration;
			buildSettings = {
				ASSETCATALOG_COMPILER_APPICON_NAME = AppIcon;
				CODE_SIGN_STYLE = Automatic;
				DEVELOPMENT_TEAM = LJY3F8DJ8F;
				INFOPLIST_FILE = "Count days/Info.plist";
				IPHONEOS_DEPLOYMENT_TARGET = 11.4;
				LD_RUNPATH_SEARCH_PATHS = (
					"$(inherited)",
					"@executable_path/Frameworks",
				);
				PRODUCT_BUNDLE_IDENTIFIER = "tomo.Count-days";
				PRODUCT_NAME = "$(TARGET_NAME)";
				SWIFT_VERSION = 4.0;
				TARGETED_DEVICE_FAMILY = "1,2";
			};
			name = Debug;
		};
		B3928F7521021A7D00525B64 /* Release */ = {
			isa = XCBuildConfiguration;
			buildSettings = {
				ASSETCATALOG_COMPILER_APPICON_NAME = AppIcon;
				CODE_SIGN_STYLE = Automatic;
				DEVELOPMENT_TEAM = LJY3F8DJ8F;
				INFOPLIST_FILE = "Count days/Info.plist";
				IPHONEOS_DEPLOYMENT_TARGET = 11.4;
				LD_RUNPATH_SEARCH_PATHS = (
					"$(inherited)",
					"@executable_path/Frameworks",
				);
				PRODUCT_BUNDLE_IDENTIFIER = "tomo.Count-days";
				PRODUCT_NAME = "$(TARGET_NAME)";
				SWIFT_VERSION = 4.0;
				TARGETED_DEVICE_FAMILY = "1,2";
			};
			name = Release;
		};
		B3928F7721021A7D00525B64 /* Debug */ = {
			isa = XCBuildConfiguration;
			buildSettings = {
				ALWAYS_EMBED_SWIFT_STANDARD_LIBRARIES = YES;
				BUNDLE_LOADER = "$(TEST_HOST)";
				CODE_SIGN_STYLE = Automatic;
				INFOPLIST_FILE = "Count daysTests/Info.plist";
				LD_RUNPATH_SEARCH_PATHS = (
					"$(inherited)",
					"@executable_path/Frameworks",
					"@loader_path/Frameworks",
				);
				PRODUCT_BUNDLE_IDENTIFIER = "tomo.Count-daysTests";
				PRODUCT_NAME = "$(TARGET_NAME)";
				SWIFT_VERSION = 4.0;
				TARGETED_DEVICE_FAMILY = "1,2";
				TEST_HOST = "$(BUILT_PRODUCTS_DIR)/Count days.app/Count days";
			};
			name = Debug;
		};
		B3928F7821021A7D00525B64 /* Release */ = {
			isa = XCBuildConfiguration;
			buildSettings = {
				ALWAYS_EMBED_SWIFT_STANDARD_LIBRARIES = YES;
				BUNDLE_LOADER = "$(TEST_HOST)";
				CODE_SIGN_STYLE = Automatic;
				INFOPLIST_FILE = "Count daysTests/Info.plist";
				LD_RUNPATH_SEARCH_PATHS = (
					"$(inherited)",
					"@executable_path/Frameworks",
					"@loader_path/Frameworks",
				);
				PRODUCT_BUNDLE_IDENTIFIER = "tomo.Count-daysTests";
				PRODUCT_NAME = "$(TARGET_NAME)";
				SWIFT_VERSION = 4.0;
				TARGETED_DEVICE_FAMILY = "1,2";
				TEST_HOST = "$(BUILT_PRODUCTS_DIR)/Count days.app/Count days";
			};
			name = Release;
		};
		B3928F7A21021A7D00525B64 /* Debug */ = {
			isa = XCBuildConfiguration;
			buildSettings = {
				ALWAYS_EMBED_SWIFT_STANDARD_LIBRARIES = YES;
				CODE_SIGN_STYLE = Automatic;
				INFOPLIST_FILE = "Count daysUITests/Info.plist";
				LD_RUNPATH_SEARCH_PATHS = (
					"$(inherited)",
					"@executable_path/Frameworks",
					"@loader_path/Frameworks",
				);
				PRODUCT_BUNDLE_IDENTIFIER = "tomo.Count-daysUITests";
				PRODUCT_NAME = "$(TARGET_NAME)";
				SWIFT_VERSION = 4.0;
				TARGETED_DEVICE_FAMILY = "1,2";
				TEST_TARGET_NAME = "Count days";
			};
			name = Debug;
		};
		B3928F7B21021A7D00525B64 /* Release */ = {
			isa = XCBuildConfiguration;
			buildSettings = {
				ALWAYS_EMBED_SWIFT_STANDARD_LIBRARIES = YES;
				CODE_SIGN_STYLE = Automatic;
				INFOPLIST_FILE = "Count daysUITests/Info.plist";
				LD_RUNPATH_SEARCH_PATHS = (
					"$(inherited)",
					"@executable_path/Frameworks",
					"@loader_path/Frameworks",
				);
				PRODUCT_BUNDLE_IDENTIFIER = "tomo.Count-daysUITests";
				PRODUCT_NAME = "$(TARGET_NAME)";
				SWIFT_VERSION = 4.0;
				TARGETED_DEVICE_FAMILY = "1,2";
				TEST_TARGET_NAME = "Count days";
			};
			name = Release;
		};
/* End XCBuildConfiguration section */

/* Begin XCConfigurationList section */
		B3928F4621021A7A00525B64 /* Build configuration list for PBXProject "Count days" */ = {
			isa = XCConfigurationList;
			buildConfigurations = (
				B3928F7121021A7D00525B64 /* Debug */,
				B3928F7221021A7D00525B64 /* Release */,
			);
			defaultConfigurationIsVisible = 0;
			defaultConfigurationName = Release;
		};
		B3928F7321021A7D00525B64 /* Build configuration list for PBXNativeTarget "Count days" */ = {
			isa = XCConfigurationList;
			buildConfigurations = (
				B3928F7421021A7D00525B64 /* Debug */,
				B3928F7521021A7D00525B64 /* Release */,
			);
			defaultConfigurationIsVisible = 0;
			defaultConfigurationName = Release;
		};
		B3928F7621021A7D00525B64 /* Build configuration list for PBXNativeTarget "Count daysTests" */ = {
			isa = XCConfigurationList;
			buildConfigurations = (
				B3928F7721021A7D00525B64 /* Debug */,
				B3928F7821021A7D00525B64 /* Release */,
			);
			defaultConfigurationIsVisible = 0;
			defaultConfigurationName = Release;
		};
		B3928F7921021A7D00525B64 /* Build configuration list for PBXNativeTarget "Count daysUITests" */ = {
			isa = XCConfigurationList;
			buildConfigurations = (
				B3928F7A21021A7D00525B64 /* Debug */,
				B3928F7B21021A7D00525B64 /* Release */,
			);
			defaultConfigurationIsVisible = 0;
			defaultConfigurationName = Release;
		};
/* End XCConfigurationList section */
	};
	rootObject = B3928F4321021A7A00525B64 /* Project object */;
}
